// !$*UTF8*$!
{
	archiveVersion = 1;
	classes = {
	};
	objectVersion = 46;
	objects = {

/* Begin PBXBuildFile section */
		783374441E8BE52F00DBB561 /* AppDelegate.swift in Sources */ = {isa = PBXBuildFile; fileRef = 783374431E8BE52F00DBB561 /* AppDelegate.swift */; };
		783374461E8BE53000DBB561 /* ViewController.swift in Sources */ = {isa = PBXBuildFile; fileRef = 783374451E8BE53000DBB561 /* ViewController.swift */; };
		783374491E8BE53100DBB561 /* Main.storyboard in Resources */ = {isa = PBXBuildFile; fileRef = 783374471E8BE53100DBB561 /* Main.storyboard */; };
		7833744B1E8BE53200DBB561 /* Assets.xcassets in Resources */ = {isa = PBXBuildFile; fileRef = 7833744A1E8BE53200DBB561 /* Assets.xcassets */; };
		7833744E1E8BE53300DBB561 /* LaunchScreen.storyboard in Resources */ = {isa = PBXBuildFile; fileRef = 7833744C1E8BE53300DBB561 /* LaunchScreen.storyboard */; };
		786194F31E8BE6BB004E4B34 /* Toast.xib in Resources */ = {isa = PBXBuildFile; fileRef = 786194F11E8BE6BB004E4B34 /* Toast.xib */; };
		786194F41E8BE6BB004E4B34 /* Toast.swift in Sources */ = {isa = PBXBuildFile; fileRef = 786194F21E8BE6BB004E4B34 /* Toast.swift */; };
		786194F71E8BE718004E4B34 /* Extensions.swift in Sources */ = {isa = PBXBuildFile; fileRef = 786194F61E8BE718004E4B34 /* Extensions.swift */; };
/* End PBXBuildFile section */

/* Begin PBXFileReference section */
		783374401E8BE52D00DBB561 /* ToastView.app */ = {isa = PBXFileReference; explicitFileType = wrapper.application; includeInIndex = 0; path = ToastView.app; sourceTree = BUILT_PRODUCTS_DIR; };
		783374431E8BE52F00DBB561 /* AppDelegate.swift */ = {isa = PBXFileReference; lastKnownFileType = sourcecode.swift; path = AppDelegate.swift; sourceTree = "<group>"; };
		783374451E8BE53000DBB561 /* ViewController.swift */ = {isa = PBXFileReference; lastKnownFileType = sourcecode.swift; path = ViewController.swift; sourceTree = "<group>"; };
		783374481E8BE53100DBB561 /* Base */ = {isa = PBXFileReference; lastKnownFileType = file.storyboard; name = Base; path = Base.lproj/Main.storyboard; sourceTree = "<group>"; };
		7833744A1E8BE53200DBB561 /* Assets.xcassets */ = {isa = PBXFileReference; lastKnownFileType = folder.assetcatalog; path = Assets.xcassets; sourceTree = "<group>"; };
		7833744D1E8BE53300DBB561 /* Base */ = {isa = PBXFileReference; lastKnownFileType = file.storyboard; name = Base; path = Base.lproj/LaunchScreen.storyboard; sourceTree = "<group>"; };
		7833744F1E8BE53500DBB561 /* Info.plist */ = {isa = PBXFileReference; lastKnownFileType = text.plist.xml; path = Info.plist; sourceTree = "<group>"; };
		786194F11E8BE6BB004E4B34 /* Toast.xib */ = {isa = PBXFileReference; fileEncoding = 4; lastKnownFileType = file.xib; path = Toast.xib; sourceTree = "<group>"; };
		786194F21E8BE6BB004E4B34 /* Toast.swift */ = {isa = PBXFileReference; fileEncoding = 4; lastKnownFileType = sourcecode.swift; path = Toast.swift; sourceTree = "<group>"; };
		786194F61E8BE718004E4B34 /* Extensions.swift */ = {isa = PBXFileReference; fileEncoding = 4; lastKnownFileType = sourcecode.swift; path = Extensions.swift; sourceTree = "<group>"; };
/* End PBXFileReference section */

/* Begin PBXFrameworksBuildPhase section */
		7833743D1E8BE52C00DBB561 /* Frameworks */ = {
			isa = PBXFrameworksBuildPhase;
			buildActionMask = 2147483647;
			files = (
			);
			runOnlyForDeploymentPostprocessing = 0;
		};
/* End PBXFrameworksBuildPhase section */

/* Begin PBXGroup section */
		783374371E8BE52B00DBB561 = {
			isa = PBXGroup;
			children = (
				783374421E8BE52D00DBB561 /* ToastView */,
				783374411E8BE52D00DBB561 /* Products */,
			);
			sourceTree = "<group>";
		};
		783374411E8BE52D00DBB561 /* Products */ = {
			isa = PBXGroup;
			children = (
				783374401E8BE52D00DBB561 /* ToastView.app */,
			);
			name = Products;
			sourceTree = "<group>";
		};
		783374421E8BE52D00DBB561 /* ToastView */ = {
			isa = PBXGroup;
			children = (
				786194F51E8BE6C3004E4B34 /* Sample */,
				786194F11E8BE6BB004E4B34 /* Toast.xib */,
				786194F21E8BE6BB004E4B34 /* Toast.swift */,
				786194F61E8BE718004E4B34 /* Extensions.swift */,
				783374431E8BE52F00DBB561 /* AppDelegate.swift */,
				7833744A1E8BE53200DBB561 /* Assets.xcassets */,
				7833744C1E8BE53300DBB561 /* LaunchScreen.storyboard */,
				7833744F1E8BE53500DBB561 /* Info.plist */,
			);
			path = ToastView;
			sourceTree = "<group>";
		};
		786194F51E8BE6C3004E4B34 /* Sample */ = {
			isa = PBXGroup;
			children = (
				783374451E8BE53000DBB561 /* ViewController.swift */,
				783374471E8BE53100DBB561 /* Main.storyboard */,
			);
			name = Sample;
			sourceTree = "<group>";
		};
/* End PBXGroup section */

/* Begin PBXNativeTarget section */
		7833743F1E8BE52C00DBB561 /* ToastView */ = {
			isa = PBXNativeTarget;
			buildConfigurationList = 783374521E8BE53500DBB561 /* Build configuration list for PBXNativeTarget "ToastView" */;
			buildPhases = (
				7833743C1E8BE52C00DBB561 /* Sources */,
				7833743D1E8BE52C00DBB561 /* Frameworks */,
				7833743E1E8BE52C00DBB561 /* Resources */,
			);
			buildRules = (
			);
			dependencies = (
			);
			name = ToastView;
			productName = ToastView;
			productReference = 783374401E8BE52D00DBB561 /* ToastView.app */;
			productType = "com.apple.product-type.application";
		};
/* End PBXNativeTarget section */

/* Begin PBXProject section */
		783374381E8BE52B00DBB561 /* Project object */ = {
			isa = PBXProject;
			attributes = {
				LastSwiftUpdateCheck = 0820;
				LastUpgradeCheck = 0820;
				ORGANIZATIONNAME = Steelkiwi;
				TargetAttributes = {
					7833743F1E8BE52C00DBB561 = {
						CreatedOnToolsVersion = 8.2.1;
						ProvisioningStyle = Automatic;
					};
				};
			};
			buildConfigurationList = 7833743B1E8BE52C00DBB561 /* Build configuration list for PBXProject "ToastView" */;
			compatibilityVersion = "Xcode 3.2";
			developmentRegion = English;
			hasScannedForEncodings = 0;
			knownRegions = (
				en,
				Base,
			);
			mainGroup = 783374371E8BE52B00DBB561;
			productRefGroup = 783374411E8BE52D00DBB561 /* Products */;
			projectDirPath = "";
			projectRoot = "";
			targets = (
				7833743F1E8BE52C00DBB561 /* ToastView */,
			);
		};
/* End PBXProject section */

/* Begin PBXResourcesBuildPhase section */
		7833743E1E8BE52C00DBB561 /* Resources */ = {
			isa = PBXResourcesBuildPhase;
			buildActionMask = 2147483647;
			files = (
				7833744E1E8BE53300DBB561 /* LaunchScreen.storyboard in Resources */,
				786194F31E8BE6BB004E4B34 /* Toast.xib in Resources */,
				7833744B1E8BE53200DBB561 /* Assets.xcassets in Resources */,
				783374491E8BE53100DBB561 /* Main.storyboard in Resources */,
			);
			runOnlyForDeploymentPostprocessing = 0;
		};
/* End PBXResourcesBuildPhase section */

/* Begin PBXSourcesBuildPhase section */
		7833743C1E8BE52C00DBB561 /* Sources */ = {
			isa = PBXSourcesBuildPhase;
			buildActionMask = 2147483647;
			files = (
				783374461E8BE53000DBB561 /* ViewController.swift in Sources */,
				786194F41E8BE6BB004E4B34 /* Toast.swift in Sources */,
				783374441E8BE52F00DBB561 /* AppDelegate.swift in Sources */,
				786194F71E8BE718004E4B34 /* Extensions.swift in Sources */,
			);
			runOnlyForDeploymentPostprocessing = 0;
		};
/* End PBXSourcesBuildPhase section */

/* Begin PBXVariantGroup section */
		783374471E8BE53100DBB561 /* Main.storyboard */ = {
			isa = PBXVariantGroup;
			children = (
				783374481E8BE53100DBB561 /* Base */,
			);
			name = Main.storyboard;
			sourceTree = "<group>";
		};
		7833744C1E8BE53300DBB561 /* LaunchScreen.storyboard */ = {
			isa = PBXVariantGroup;
			children = (
				7833744D1E8BE53300DBB561 /* Base */,
			);
			name = LaunchScreen.storyboard;
			sourceTree = "<group>";
		};
/* End PBXVariantGroup section */

/* Begin XCBuildConfiguration section */
		783374501E8BE53500DBB561 /* Debug */ = {
			isa = XCBuildConfiguration;
			buildSettings = {
				ALWAYS_SEARCH_USER_PATHS = NO;
				CLANG_ANALYZER_NONNULL = YES;
				CLANG_CXX_LANGUAGE_STANDARD = "gnu++0x";
				CLANG_CXX_LIBRARY = "libc++";
				CLANG_ENABLE_MODULES = YES;
				CLANG_ENABLE_OBJC_ARC = YES;
				CLANG_WARN_BOOL_CONVERSION = YES;
				CLANG_WARN_CONSTANT_CONVERSION = YES;
				CLANG_WARN_DIRECT_OBJC_ISA_USAGE = YES_ERROR;
				CLANG_WARN_DOCUMENTATION_COMMENTS = YES;
				CLANG_WARN_EMPTY_BODY = YES;
				CLANG_WARN_ENUM_CONVERSION = YES;
				CLANG_WARN_INFINITE_RECURSION = YES;
				CLANG_WARN_INT_CONVERSION = YES;
				CLANG_WARN_OBJC_ROOT_CLASS = YES_ERROR;
				CLANG_WARN_SUSPICIOUS_MOVE = YES;
				CLANG_WARN_UNREACHABLE_CODE = YES;
				CLANG_WARN__DUPLICATE_METHOD_MATCH = YES;
				"CODE_SIGN_IDENTITY[sdk=iphoneos*]" = "iPhone Developer";
				COPY_PHASE_STRIP = NO;
				DEBUG_INFORMATION_FORMAT = dwarf;
				ENABLE_STRICT_OBJC_MSGSEND = YES;
				ENABLE_TESTABILITY = YES;
				GCC_C_LANGUAGE_STANDARD = gnu99;
				GCC_DYNAMIC_NO_PIC = NO;
				GCC_NO_COMMON_BLOCKS = YES;
				GCC_OPTIMIZATION_LEVEL = 0;
				GCC_PREPROCESSOR_DEFINITIONS = (
					"DEBUG=1",
					"$(inherited)",
				);
				GCC_WARN_64_TO_32_BIT_CONVERSION = YES;
				GCC_WARN_ABOUT_RETURN_TYPE = YES_ERROR;
				GCC_WARN_UNDECLARED_SELECTOR = YES;
				GCC_WARN_UNINITIALIZED_AUTOS = YES_AGGRESSIVE;
				GCC_WARN_UNUSED_FUNCTION = YES;
				GCC_WARN_UNUSED_VARIABLE = YES;
				IPHONEOS_DEPLOYMENT_TARGET = 10.2;
				MTL_ENABLE_DEBUG_INFO = YES;
				ONLY_ACTIVE_ARCH = YES;
				SDKROOT = iphoneos;
				SWIFT_ACTIVE_COMPILATION_CONDITIONS = DEBUG;
				SWIFT_OPTIMIZATION_LEVEL = "-Onone";
				TARGETED_DEVICE_FAMILY = "1,2";
			};
			name = Debug;
		};
		783374511E8BE53500DBB561 /* Release */ = {
			isa = XCBuildConfiguration;
			buildSettings = {
				ALWAYS_SEARCH_USER_PATHS = NO;
				CLANG_ANALYZER_NONNULL = YES;
				CLANG_CXX_LANGUAGE_STANDARD = "gnu++0x";
				CLANG_CXX_LIBRARY = "libc++";
				CLANG_ENABLE_MODULES = YES;
				CLANG_ENABLE_OBJC_ARC = YES;
				CLANG_WARN_BOOL_CONVERSION = YES;
				CLANG_WARN_CONSTANT_CONVERSION = YES;
				CLANG_WARN_DIRECT_OBJC_ISA_USAGE = YES_ERROR;
				CLANG_WARN_DOCUMENTATION_COMMENTS = YES;
				CLANG_WARN_EMPTY_BODY = YES;
				CLANG_WARN_ENUM_CONVERSION = YES;
				CLANG_WARN_INFINITE_RECURSION = YES;
				CLANG_WARN_INT_CONVERSION = YES;
				CLANG_WARN_OBJC_ROOT_CLASS = YES_ERROR;
				CLANG_WARN_SUSPICIOUS_MOVE = YES;
				CLANG_WARN_UNREACHABLE_CODE = YES;
				CLANG_WARN__DUPLICATE_METHOD_MATCH = YES;
				"CODE_SIGN_IDENTITY[sdk=iphoneos*]" = "iPhone Developer";
				COPY_PHASE_STRIP = NO;
				DEBUG_INFORMATION_FORMAT = "dwarf-with-dsym";
				ENABLE_NS_ASSERTIONS = NO;
				ENABLE_STRICT_OBJC_MSGSEND = YES;
				GCC_C_LANGUAGE_STANDARD = gnu99;
				GCC_NO_COMMON_BLOCKS = YES;
				GCC_WARN_64_TO_32_BIT_CONVERSION = YES;
				GCC_WARN_ABOUT_RETURN_TYPE = YES_ERROR;
				GCC_WARN_UNDECLARED_SELECTOR = YES;
				GCC_WARN_UNINITIALIZED_AUTOS = YES_AGGRESSIVE;
				GCC_WARN_UNUSED_FUNCTION = YES;
				GCC_WARN_UNUSED_VARIABLE = YES;
				IPHONEOS_DEPLOYMENT_TARGET = 10.2;
				MTL_ENABLE_DEBUG_INFO = NO;
				SDKROOT = iphoneos;
				SWIFT_OPTIMIZATION_LEVEL = "-Owholemodule";
				TARGETED_DEVICE_FAMILY = "1,2";
				VALIDATE_PRODUCT = YES;
			};
			name = Release;
		};
		783374531E8BE53500DBB561 /* Debug */ = {
			isa = XCBuildConfiguration;
			buildSettings = {
				ASSETCATALOG_COMPILER_APPICON_NAME = AppIcon;
				DEVELOPMENT_TEAM = "";
				INFOPLIST_FILE = ToastView/Info.plist;
				IPHONEOS_DEPLOYMENT_TARGET = 8.0;
				LD_RUNPATH_SEARCH_PATHS = "$(inherited) @executable_path/Frameworks";
				PRODUCT_BUNDLE_IDENTIFIER = com.steelkiwi.ToastView;
				PRODUCT_NAME = "$(TARGET_NAME)";
				SWIFT_VERSION = 3.0;
			};
			name = Debug;
		};
		783374541E8BE53500DBB561 /* Release */ = {
			isa = XCBuildConfiguration;
			buildSettings = {
				ASSETCATALOG_COMPILER_APPICON_NAME = AppIcon;
				DEVELOPMENT_TEAM = "";
				INFOPLIST_FILE = ToastView/Info.plist;
				IPHONEOS_DEPLOYMENT_TARGET = 8.0;
				LD_RUNPATH_SEARCH_PATHS = "$(inherited) @executable_path/Frameworks";
				PRODUCT_BUNDLE_IDENTIFIER = com.steelkiwi.ToastView;
				PRODUCT_NAME = "$(TARGET_NAME)";
				SWIFT_VERSION = 3.0;
			};
			name = Release;
		};
/* End XCBuildConfiguration section */

/* Begin XCConfigurationList section */
		7833743B1E8BE52C00DBB561 /* Build configuration list for PBXProject "ToastView" */ = {
			isa = XCConfigurationList;
			buildConfigurations = (
				783374501E8BE53500DBB561 /* Debug */,
				783374511E8BE53500DBB561 /* Release */,
			);
			defaultConfigurationIsVisible = 0;
			defaultConfigurationName = Release;
		};
		783374521E8BE53500DBB561 /* Build configuration list for PBXNativeTarget "ToastView" */ = {
			isa = XCConfigurationList;
			buildConfigurations = (
				783374531E8BE53500DBB561 /* Debug */,
				783374541E8BE53500DBB561 /* Release */,
			);
			defaultConfigurationIsVisible = 0;
			defaultConfigurationName = Release;
		};
/* End XCConfigurationList section */
	};
	rootObject = 783374381E8BE52B00DBB561 /* Project object */;
}
